{
  "name": "InglemoorCodingComputing",
  "lockfileVersion": 3,
  "requires": true,
  "packages": {
    "": {
      "dependencies": {
        "@tailwindcss/typography": "^0.5.9"
      }
    },
    "../../../../../AppData/Roaming/npm/node_modules/tailwindcss": {
      "version": "3.2.6",
      "license": "MIT",
      "peer": true,
      "dependencies": {
        "arg": "^5.0.2",
        "chokidar": "^3.5.3",
        "color-name": "^1.1.4",
        "detective": "^5.2.1",
        "didyoumean": "^1.2.2",
        "dlv": "^1.1.3",
        "fast-glob": "^3.2.12",
        "glob-parent": "^6.0.2",
        "is-glob": "^4.0.3",
        "lilconfig": "^2.0.6",
        "micromatch": "^4.0.5",
        "normalize-path": "^3.0.0",
        "object-hash": "^3.0.0",
        "picocolors": "^1.0.0",
        "postcss": "^8.0.9",
        "postcss-import": "^14.1.0",
        "postcss-js": "^4.0.0",
        "postcss-load-config": "^3.1.4",
        "postcss-nested": "6.0.0",
        "postcss-selector-parser": "^6.0.11",
        "postcss-value-parser": "^4.2.0",
        "quick-lru": "^5.1.1",
        "resolve": "^1.22.1"
      },
      "bin": {
        "tailwind": "lib/cli.js",
        "tailwindcss": "lib/cli.js"
      },
      "devDependencies": {
        "@swc/cli": "0.1.59",
        "@swc/core": "1.3.24",
        "@swc/jest": "0.2.24",
        "@swc/register": "0.1.10",
        "autoprefixer": "^10.4.13",
        "browserslist": "^4.21.4",
        "concurrently": "^7.5.0",
        "cssnano": "^5.1.14",
        "esbuild": "^0.16.10",
        "eslint": "^8.31.0",
        "eslint-config-prettier": "^8.6.0",
        "eslint-plugin-prettier": "^4.2.1",
        "jest": "^28.1.3",
        "jest-diff": "^28.1.3",
        "lightningcss": "^1.18.0",
        "prettier": "^2.8.1",
        "rimraf": "^3.0.0",
        "source-map-js": "^1.0.2",
        "turbo": "^1.6.3"
      },
      "engines": {
        "node": ">=12.13.0"
      },
      "peerDependencies": {
        "postcss": "^8.0.9"
      }
    },
    "../../../../../AppData/Roaming/npm/node_modules/tailwindcss/node_modules/@nodelib/fs.scandir": {
      "version": "2.1.5",
      "license": "MIT",
      "peer": true,
      "dependencies": {
        "@nodelib/fs.stat": "2.0.5",
        "run-parallel": "^1.1.9"
      },
      "engines": {
        "node": ">= 8"
      }
    },
    "../../../../../AppData/Roaming/npm/node_modules/tailwindcss/node_modules/@nodelib/fs.stat": {
      "version": "2.0.5",
      "license": "MIT",
      "peer": true,
      "engines": {
        "node": ">= 8"
      }
    },
    "../../../../../AppData/Roaming/npm/node_modules/tailwindcss/node_modules/@nodelib/fs.walk": {
      "version": "1.2.8",
      "license": "MIT",
      "peer": true,
      "dependencies": {
        "@nodelib/fs.scandir": "2.1.5",
        "fastq": "^1.6.0"
      },
      "engines": {
        "node": ">= 8"
      }
    },
    "../../../../../AppData/Roaming/npm/node_modules/tailwindcss/node_modules/acorn": {
      "version": "7.4.1",
      "license": "MIT",
      "peer": true,
      "bin": {
        "acorn": "bin/acorn"
      },
      "engines": {
        "node": ">=0.4.0"
      }
    },
    "../../../../../AppData/Roaming/npm/node_modules/tailwindcss/node_modules/acorn-node": {
      "version": "1.8.2",
      "license": "Apache-2.0",
      "peer": true,
      "dependencies": {
        "acorn": "^7.0.0",
        "acorn-walk": "^7.0.0",
        "xtend": "^4.0.2"
      }
    },
    "../../../../../AppData/Roaming/npm/node_modules/tailwindcss/node_modules/acorn-walk": {
      "version": "7.2.0",
      "license": "MIT",
      "peer": true,
      "engines": {
        "node": ">=0.4.0"
      }
    },
    "../../../../../AppData/Roaming/npm/node_modules/tailwindcss/node_modules/anymatch": {
      "version": "3.1.3",
      "license": "ISC",
      "peer": true,
      "dependencies": {
        "normalize-path": "^3.0.0",
        "picomatch": "^2.0.4"
      },
      "engines": {
        "node": ">= 8"
      }
    },
    "../../../../../AppData/Roaming/npm/node_modules/tailwindcss/node_modules/arg": {
      "version": "5.0.2",
      "license": "MIT",
      "peer": true
    },
    "../../../../../AppData/Roaming/npm/node_modules/tailwindcss/node_modules/binary-extensions": {
      "version": "2.2.0",
      "license": "MIT",
      "peer": true,
      "engines": {
        "node": ">=8"
      }
    },
    "../../../../../AppData/Roaming/npm/node_modules/tailwindcss/node_modules/braces": {
      "version": "3.0.2",
      "license": "MIT",
      "peer": true,
      "dependencies": {
        "fill-range": "^7.0.1"
      },
      "engines": {
        "node": ">=8"
      }
    },
    "../../../../../AppData/Roaming/npm/node_modules/tailwindcss/node_modules/camelcase-css": {
      "version": "2.0.1",
      "license": "MIT",
      "peer": true,
      "engines": {
        "node": ">= 6"
      }
    },
    "../../../../../AppData/Roaming/npm/node_modules/tailwindcss/node_modules/chokidar": {
      "version": "3.5.3",
      "funding": [
        {
          "type": "individual",
          "url": "https://paulmillr.com/funding/"
        }
      ],
      "license": "MIT",
      "peer": true,
      "dependencies": {
        "anymatch": "~3.1.2",
        "braces": "~3.0.2",
        "glob-parent": "~5.1.2",
        "is-binary-path": "~2.1.0",
        "is-glob": "~4.0.1",
        "normalize-path": "~3.0.0",
        "readdirp": "~3.6.0"
      },
      "engines": {
        "node": ">= 8.10.0"
      },
      "optionalDependencies": {
        "fsevents": "~2.3.2"
      }
    },
    "../../../../../AppData/Roaming/npm/node_modules/tailwindcss/node_modules/chokidar/node_modules/glob-parent": {
      "version": "5.1.2",
      "license": "ISC",
      "peer": true,
      "dependencies": {
        "is-glob": "^4.0.1"
      },
      "engines": {
        "node": ">= 6"
      }
    },
    "../../../../../AppData/Roaming/npm/node_modules/tailwindcss/node_modules/color-name": {
      "version": "1.1.4",
      "license": "MIT",
      "peer": true
    },
    "../../../../../AppData/Roaming/npm/node_modules/tailwindcss/node_modules/cssesc": {
      "version": "3.0.0",
      "license": "MIT",
      "peer": true,
      "bin": {
        "cssesc": "bin/cssesc"
      },
      "engines": {
        "node": ">=4"
      }
    },
    "../../../../../AppData/Roaming/npm/node_modules/tailwindcss/node_modules/defined": {
      "version": "1.0.1",
      "license": "MIT",
      "peer": true,
      "funding": {
        "url": "https://github.com/sponsors/ljharb"
      }
    },
    "../../../../../AppData/Roaming/npm/node_modules/tailwindcss/node_modules/detective": {
      "version": "5.2.1",
      "license": "MIT",
      "peer": true,
      "dependencies": {
        "acorn-node": "^1.8.2",
        "defined": "^1.0.0",
        "minimist": "^1.2.6"
      },
      "bin": {
        "detective": "bin/detective.js"
      },
      "engines": {
        "node": ">=0.8.0"
      }
    },
    "../../../../../AppData/Roaming/npm/node_modules/tailwindcss/node_modules/didyoumean": {
      "version": "1.2.2",
      "license": "Apache-2.0",
      "peer": true
    },
    "../../../../../AppData/Roaming/npm/node_modules/tailwindcss/node_modules/dlv": {
      "version": "1.1.3",
      "license": "MIT",
      "peer": true
    },
    "../../../../../AppData/Roaming/npm/node_modules/tailwindcss/node_modules/fast-glob": {
      "version": "3.2.12",
      "license": "MIT",
      "peer": true,
      "dependencies": {
        "@nodelib/fs.stat": "^2.0.2",
        "@nodelib/fs.walk": "^1.2.3",
        "glob-parent": "^5.1.2",
        "merge2": "^1.3.0",
        "micromatch": "^4.0.4"
      },
      "engines": {
        "node": ">=8.6.0"
      }
    },
    "../../../../../AppData/Roaming/npm/node_modules/tailwindcss/node_modules/fast-glob/node_modules/glob-parent": {
      "version": "5.1.2",
      "license": "ISC",
      "peer": true,
      "dependencies": {
        "is-glob": "^4.0.1"
      },
      "engines": {
        "node": ">= 6"
      }
    },
    "../../../../../AppData/Roaming/npm/node_modules/tailwindcss/node_modules/fastq": {
      "version": "1.15.0",
      "license": "ISC",
      "peer": true,
      "dependencies": {
        "reusify": "^1.0.4"
      }
    },
    "../../../../../AppData/Roaming/npm/node_modules/tailwindcss/node_modules/fill-range": {
      "version": "7.0.1",
      "license": "MIT",
      "peer": true,
      "dependencies": {
        "to-regex-range": "^5.0.1"
      },
      "engines": {
        "node": ">=8"
      }
    },
    "../../../../../AppData/Roaming/npm/node_modules/tailwindcss/node_modules/function-bind": {
      "version": "1.1.1",
      "license": "MIT",
      "peer": true
    },
    "../../../../../AppData/Roaming/npm/node_modules/tailwindcss/node_modules/glob-parent": {
      "version": "6.0.2",
      "license": "ISC",
      "peer": true,
      "dependencies": {
        "is-glob": "^4.0.3"
      },
      "engines": {
        "node": ">=10.13.0"
      }
    },
    "../../../../../AppData/Roaming/npm/node_modules/tailwindcss/node_modules/has": {
      "version": "1.0.3",
      "license": "MIT",
      "peer": true,
      "dependencies": {
        "function-bind": "^1.1.1"
      },
      "engines": {
        "node": ">= 0.4.0"
      }
    },
    "../../../../../AppData/Roaming/npm/node_modules/tailwindcss/node_modules/is-binary-path": {
      "version": "2.1.0",
      "license": "MIT",
      "peer": true,
      "dependencies": {
        "binary-extensions": "^2.0.0"
      },
      "engines": {
        "node": ">=8"
      }
    },
    "../../../../../AppData/Roaming/npm/node_modules/tailwindcss/node_modules/is-core-module": {
      "version": "2.11.0",
      "license": "MIT",
      "peer": true,
      "dependencies": {
        "has": "^1.0.3"
      },
      "funding": {
        "url": "https://github.com/sponsors/ljharb"
      }
    },
    "../../../../../AppData/Roaming/npm/node_modules/tailwindcss/node_modules/is-extglob": {
      "version": "2.1.1",
      "license": "MIT",
      "peer": true,
      "engines": {
        "node": ">=0.10.0"
      }
    },
    "../../../../../AppData/Roaming/npm/node_modules/tailwindcss/node_modules/is-glob": {
      "version": "4.0.3",
      "license": "MIT",
      "peer": true,
      "dependencies": {
        "is-extglob": "^2.1.1"
      },
      "engines": {
        "node": ">=0.10.0"
      }
    },
    "../../../../../AppData/Roaming/npm/node_modules/tailwindcss/node_modules/is-number": {
      "version": "7.0.0",
      "license": "MIT",
      "peer": true,
      "engines": {
        "node": ">=0.12.0"
      }
    },
    "../../../../../AppData/Roaming/npm/node_modules/tailwindcss/node_modules/lilconfig": {
      "version": "2.0.6",
      "license": "MIT",
      "peer": true,
      "engines": {
        "node": ">=10"
      }
    },
    "../../../../../AppData/Roaming/npm/node_modules/tailwindcss/node_modules/merge2": {
      "version": "1.4.1",
      "license": "MIT",
      "peer": true,
      "engines": {
        "node": ">= 8"
      }
    },
    "../../../../../AppData/Roaming/npm/node_modules/tailwindcss/node_modules/micromatch": {
      "version": "4.0.5",
      "license": "MIT",
      "peer": true,
      "dependencies": {
        "braces": "^3.0.2",
        "picomatch": "^2.3.1"
      },
      "engines": {
        "node": ">=8.6"
      }
    },
    "../../../../../AppData/Roaming/npm/node_modules/tailwindcss/node_modules/minimist": {
      "version": "1.2.8",
      "license": "MIT",
      "peer": true,
      "funding": {
        "url": "https://github.com/sponsors/ljharb"
      }
    },
    "../../../../../AppData/Roaming/npm/node_modules/tailwindcss/node_modules/nanoid": {
      "version": "3.3.4",
      "license": "MIT",
      "peer": true,
      "bin": {
        "nanoid": "bin/nanoid.cjs"
      },
      "engines": {
        "node": "^10 || ^12 || ^13.7 || ^14 || >=15.0.1"
      }
    },
    "../../../../../AppData/Roaming/npm/node_modules/tailwindcss/node_modules/normalize-path": {
      "version": "3.0.0",
      "license": "MIT",
      "peer": true,
      "engines": {
        "node": ">=0.10.0"
      }
    },
    "../../../../../AppData/Roaming/npm/node_modules/tailwindcss/node_modules/object-hash": {
      "version": "3.0.0",
      "license": "MIT",
      "peer": true,
      "engines": {
        "node": ">= 6"
      }
    },
    "../../../../../AppData/Roaming/npm/node_modules/tailwindcss/node_modules/path-parse": {
      "version": "1.0.7",
      "license": "MIT",
      "peer": true
    },
    "../../../../../AppData/Roaming/npm/node_modules/tailwindcss/node_modules/picocolors": {
      "version": "1.0.0",
      "license": "ISC",
      "peer": true
    },
    "../../../../../AppData/Roaming/npm/node_modules/tailwindcss/node_modules/picomatch": {
      "version": "2.3.1",
      "license": "MIT",
      "peer": true,
      "engines": {
        "node": ">=8.6"
      },
      "funding": {
        "url": "https://github.com/sponsors/jonschlinkert"
      }
    },
    "../../../../../AppData/Roaming/npm/node_modules/tailwindcss/node_modules/pify": {
      "version": "2.3.0",
      "license": "MIT",
      "peer": true,
      "engines": {
        "node": ">=0.10.0"
      }
    },
    "../../../../../AppData/Roaming/npm/node_modules/tailwindcss/node_modules/postcss": {
      "version": "8.4.21",
      "funding": [
        {
          "type": "opencollective",
          "url": "https://opencollective.com/postcss/"
        },
        {
          "type": "tidelift",
          "url": "https://tidelift.com/funding/github/npm/postcss"
        }
      ],
      "license": "MIT",
      "peer": true,
      "dependencies": {
        "nanoid": "^3.3.4",
        "picocolors": "^1.0.0",
        "source-map-js": "^1.0.2"
      },
      "engines": {
        "node": "^10 || ^12 || >=14"
      }
    },
    "../../../../../AppData/Roaming/npm/node_modules/tailwindcss/node_modules/postcss-import": {
      "version": "14.1.0",
      "license": "MIT",
      "peer": true,
      "dependencies": {
        "postcss-value-parser": "^4.0.0",
        "read-cache": "^1.0.0",
        "resolve": "^1.1.7"
      },
      "engines": {
        "node": ">=10.0.0"
      },
      "peerDependencies": {
        "postcss": "^8.0.0"
      }
    },
    "../../../../../AppData/Roaming/npm/node_modules/tailwindcss/node_modules/postcss-js": {
      "version": "4.0.1",
      "license": "MIT",
      "peer": true,
      "dependencies": {
        "camelcase-css": "^2.0.1"
      },
      "engines": {
        "node": "^12 || ^14 || >= 16"
      },
      "funding": {
        "type": "opencollective",
        "url": "https://opencollective.com/postcss/"
      },
      "peerDependencies": {
        "postcss": "^8.4.21"
      }
    },
    "../../../../../AppData/Roaming/npm/node_modules/tailwindcss/node_modules/postcss-load-config": {
      "version": "3.1.4",
      "license": "MIT",
      "peer": true,
      "dependencies": {
        "lilconfig": "^2.0.5",
        "yaml": "^1.10.2"
      },
      "engines": {
        "node": ">= 10"
      },
      "funding": {
        "type": "opencollective",
        "url": "https://opencollective.com/postcss/"
      },
      "peerDependencies": {
        "postcss": ">=8.0.9",
        "ts-node": ">=9.0.0"
      },
      "peerDependenciesMeta": {
        "postcss": {
          "optional": true
        },
        "ts-node": {
          "optional": true
        }
      }
    },
    "../../../../../AppData/Roaming/npm/node_modules/tailwindcss/node_modules/postcss-nested": {
      "version": "6.0.0",
      "license": "MIT",
      "peer": true,
      "dependencies": {
        "postcss-selector-parser": "^6.0.10"
      },
      "engines": {
        "node": ">=12.0"
      },
      "funding": {
        "type": "opencollective",
        "url": "https://opencollective.com/postcss/"
      },
      "peerDependencies": {
        "postcss": "^8.2.14"
      }
    },
    "../../../../../AppData/Roaming/npm/node_modules/tailwindcss/node_modules/postcss-selector-parser": {
      "version": "6.0.11",
      "license": "MIT",
      "peer": true,
      "dependencies": {
        "cssesc": "^3.0.0",
        "util-deprecate": "^1.0.2"
      },
      "engines": {
        "node": ">=4"
      }
    },
    "../../../../../AppData/Roaming/npm/node_modules/tailwindcss/node_modules/postcss-value-parser": {
      "version": "4.2.0",
      "license": "MIT",
      "peer": true
    },
    "../../../../../AppData/Roaming/npm/node_modules/tailwindcss/node_modules/queue-microtask": {
      "version": "1.2.3",
      "funding": [
        {
          "type": "github",
          "url": "https://github.com/sponsors/feross"
        },
        {
          "type": "patreon",
          "url": "https://www.patreon.com/feross"
        },
        {
          "type": "consulting",
          "url": "https://feross.org/support"
        }
      ],
      "license": "MIT",
      "peer": true
    },
    "../../../../../AppData/Roaming/npm/node_modules/tailwindcss/node_modules/quick-lru": {
      "version": "5.1.1",
      "license": "MIT",
      "peer": true,
      "engines": {
        "node": ">=10"
      },
      "funding": {
        "url": "https://github.com/sponsors/sindresorhus"
      }
    },
    "../../../../../AppData/Roaming/npm/node_modules/tailwindcss/node_modules/read-cache": {
      "version": "1.0.0",
      "license": "MIT",
      "peer": true,
      "dependencies": {
        "pify": "^2.3.0"
      }
    },
    "../../../../../AppData/Roaming/npm/node_modules/tailwindcss/node_modules/readdirp": {
      "version": "3.6.0",
      "license": "MIT",
      "peer": true,
      "dependencies": {
        "picomatch": "^2.2.1"
      },
      "engines": {
        "node": ">=8.10.0"
      }
    },
    "../../../../../AppData/Roaming/npm/node_modules/tailwindcss/node_modules/resolve": {
      "version": "1.22.1",
      "license": "MIT",
      "peer": true,
      "dependencies": {
        "is-core-module": "^2.9.0",
        "path-parse": "^1.0.7",
        "supports-preserve-symlinks-flag": "^1.0.0"
      },
      "bin": {
        "resolve": "bin/resolve"
      },
      "funding": {
        "url": "https://github.com/sponsors/ljharb"
      }
    },
    "../../../../../AppData/Roaming/npm/node_modules/tailwindcss/node_modules/reusify": {
      "version": "1.0.4",
      "license": "MIT",
      "peer": true,
      "engines": {
        "iojs": ">=1.0.0",
        "node": ">=0.10.0"
      }
    },
    "../../../../../AppData/Roaming/npm/node_modules/tailwindcss/node_modules/run-parallel": {
      "version": "1.2.0",
      "funding": [
        {
          "type": "github",
          "url": "https://github.com/sponsors/feross"
        },
        {
          "type": "patreon",
          "url": "https://www.patreon.com/feross"
        },
        {
          "type": "consulting",
          "url": "https://feross.org/support"
        }
      ],
      "license": "MIT",
      "peer": true,
      "dependencies": {
        "queue-microtask": "^1.2.2"
      }
    },
    "../../../../../AppData/Roaming/npm/node_modules/tailwindcss/node_modules/source-map-js": {
      "version": "1.0.2",
      "license": "BSD-3-Clause",
      "peer": true,
      "engines": {
        "node": ">=0.10.0"
      }
    },
    "../../../../../AppData/Roaming/npm/node_modules/tailwindcss/node_modules/supports-preserve-symlinks-flag": {
      "version": "1.0.0",
      "license": "MIT",
      "peer": true,
      "engines": {
        "node": ">= 0.4"
      },
      "funding": {
        "url": "https://github.com/sponsors/ljharb"
      }
    },
    "../../../../../AppData/Roaming/npm/node_modules/tailwindcss/node_modules/to-regex-range": {
      "version": "5.0.1",
      "license": "MIT",
      "peer": true,
      "dependencies": {
        "is-number": "^7.0.0"
      },
      "engines": {
        "node": ">=8.0"
      }
    },
    "../../../../../AppData/Roaming/npm/node_modules/tailwindcss/node_modules/util-deprecate": {
      "version": "1.0.2",
      "license": "MIT",
      "peer": true
    },
    "../../../../../AppData/Roaming/npm/node_modules/tailwindcss/node_modules/xtend": {
      "version": "4.0.2",
      "license": "MIT",
      "peer": true,
      "engines": {
        "node": ">=0.4"
      }
    },
    "../../../../../AppData/Roaming/npm/node_modules/tailwindcss/node_modules/yaml": {
      "version": "1.10.2",
      "license": "ISC",
      "peer": true,
      "engines": {
        "node": ">= 6"
      }
    },
    "node_modules/@tailwindcss/typography": {
      "version": "0.5.9",
      "resolved": "https://registry.npmjs.org/@tailwindcss/typography/-/typography-0.5.9.tgz",
      "integrity": "sha512-t8Sg3DyynFysV9f4JDOVISGsjazNb48AeIYQwcL+Bsq5uf4RYL75C1giZ43KISjeDGBaTN3Kxh7Xj/vRSMJUUg==",
      "dependencies": {
        "lodash.castarray": "^4.4.0",
        "lodash.isplainobject": "^4.0.6",
        "lodash.merge": "^4.6.2",
        "postcss-selector-parser": "6.0.10"
      },
      "peerDependencies": {
        "tailwindcss": ">=3.0.0 || insiders"
      }
    },
    "node_modules/cssesc": {
      "version": "3.0.0",
      "resolved": "https://registry.npmjs.org/cssesc/-/cssesc-3.0.0.tgz",
      "integrity": "sha512-/Tb/JcjK111nNScGob5MNtsntNM1aCNUDipB/TkwZFhyDrrE47SOx/18wF2bbjgc3ZzCSKW1T5nt5EbFoAz/Vg==",
      "bin": {
        "cssesc": "bin/cssesc"
      },
      "engines": {
        "node": ">=4"
      }
    },
    "node_modules/lodash.castarray": {
      "version": "4.4.0",
      "resolved": "https://registry.npmjs.org/lodash.castarray/-/lodash.castarray-4.4.0.tgz",
      "integrity": "sha512-aVx8ztPv7/2ULbArGJ2Y42bG1mEQ5mGjpdvrbJcJFU3TbYybe+QlLS4pst9zV52ymy2in1KpFPiZnAOATxD4+Q=="
    },
    "node_modules/lodash.isplainobject": {
      "version": "4.0.6",
      "resolved": "https://registry.npmjs.org/lodash.isplainobject/-/lodash.isplainobject-4.0.6.tgz",
      "integrity": "sha512-oSXzaWypCMHkPC3NvBEaPHf0KsA5mvPrOPgQWDsbg8n7orZ290M0BmC/jgRZ4vcJ6DTAhjrsSYgdsW/F+MFOBA=="
    },
    "node_modules/lodash.merge": {
      "version": "4.6.2",
      "resolved": "https://registry.npmjs.org/lodash.merge/-/lodash.merge-4.6.2.tgz",
      "integrity": "sha512-0KpjqXRVvrYyCsX1swR/XTK0va6VQkQM6MNo7PqW77ByjAhoARA8EfrP1N4+KlKj8YS0ZUCtRT/YUuhyYDujIQ=="
    },
    "node_modules/postcss-selector-parser": {
      "version": "6.0.10",
      "resolved": "https://registry.npmjs.org/postcss-selector-parser/-/postcss-selector-parser-6.0.10.tgz",
      "integrity": "sha512-IQ7TZdoaqbT+LCpShg46jnZVlhWD2w6iQYAcYXfHARZ7X1t/UGhhceQDs5X0cGqKvYlHNOuv7Oa1xmb0oQuA3w==",
      "dependencies": {
        "cssesc": "^3.0.0",
        "util-deprecate": "^1.0.2"
      },
      "engines": {
        "node": ">=4"
      }
    },
    "node_modules/tailwindcss": {
      "resolved": "../../../../../AppData/Roaming/npm/node_modules/tailwindcss",
      "link": true
    },
    "node_modules/util-deprecate": {
      "version": "1.0.2",
      "resolved": "https://registry.npmjs.org/util-deprecate/-/util-deprecate-1.0.2.tgz",
      "integrity": "sha512-EPD5q1uXyFxJpCrLnCc1nHnq3gOa6DZBocAIiI2TaSCA7VCJ1UJDMagCzIkXNsUYfD1daK//LTEQ8xiIbrHtcw=="
    }
  }
}
