
Microsoft Visual Studio Solution File, Format Version 12.00
# Visual Studio Version 17
VisualStudioVersion = 17.2.32526.322
MinimumVisualStudioVersion = 10.0.40219.1
Project("{9A19103F-16F7-4668-BE54-9A1E7A4F7556}") = "InglemoorCodingComputing", "InglemoorCodingComputing\InglemoorCodingComputing.csproj", "{96073888-BB06-4CAC-9B2C-D95B6D26FF0C}"
EndProject
Global
	GlobalSection(SolutionConfigurationPlatforms) = preSolution
		Debug|Any CPU = Debug|Any CPU
		Release|Any CPU = Release|Any CPU
	EndGlobalSection
	GlobalSection(ProjectConfigurationPlatforms) = postSolution
		{96073888-BB06-4CAC-9B2C-D95B6D26FF0C}.Debug|Any CPU.ActiveCfg = Debug|Any CPU
		{96073888-BB06-4CAC-9B2C-D95B6D26FF0C}.Debug|Any CPU.Build.0 = Debug|Any CPU
		{96073888-BB06-4CAC-9B2C-D95B6D26FF0C}.Release|Any CPU.ActiveCfg = Release|Any CPU
		{96073888-BB06-4CAC-9B2C-D95B6D26FF0C}.Release|Any CPU.Build.0 = Release|Any CPU
	EndGlobalSection
	GlobalSection(SolutionProperties) = preSolution
		HideSolutionNode = FALSE
	EndGlobalSection
	GlobalSection(ExtensibilityGlobals) = postSolution
		SolutionGuid = {204B90E4-EECE-4940-BC12-B0F80C06D984}
	EndGlobalSection
EndGlobal
